
Microsoft Visual Studio Solution File, Format Version 12.00
# Visual Studio Version 17
VisualStudioVersion = 17.13.35825.156 d17.13
MinimumVisualStudioVersion = 10.0.40219.1
Project("{FAE04EC0-301F-11D3-BF4B-00C04F79EFBC}") = "AkasztofaJatekProba1", "AkasztofaJatekProba1\AkasztofaJatekProba1.csproj", "{AB721498-F58F-48AA-A15E-C8978EDCC727}"
EndProject
Global
	GlobalSection(SolutionConfigurationPlatforms) = preSolution
		Debug|Any CPU = Debug|Any CPU
		Release|Any CPU = Release|Any CPU
	EndGlobalSection
	GlobalSection(ProjectConfigurationPlatforms) = postSolution
		{AB721498-F58F-48AA-A15E-C8978EDCC727}.Debug|Any CPU.ActiveCfg = Debug|Any CPU
		{AB721498-F58F-48AA-A15E-C8978EDCC727}.Debug|Any CPU.Build.0 = Debug|Any CPU
		{AB721498-F58F-48AA-A15E-C8978EDCC727}.Release|Any CPU.ActiveCfg = Release|Any CPU
		{AB721498-F58F-48AA-A15E-C8978EDCC727}.Release|Any CPU.Build.0 = Release|Any CPU
	EndGlobalSection
	GlobalSection(SolutionProperties) = preSolution
		HideSolutionNode = FALSE
	EndGlobalSection
	GlobalSection(ExtensibilityGlobals) = postSolution
		SolutionGuid = {D869A440-0CBD-4628-A3EF-B750A1FFF3DB}
	EndGlobalSection
EndGlobal
